
Microsoft Visual Studio Solution File, Format Version 12.00
# Visual Studio Version 17
VisualStudioVersion = 17.6.33829.357
MinimumVisualStudioVersion = 10.0.40219.1
Project("{9A19103F-16F7-4668-BE54-9A1E7A4F7556}") = "TraversalCoreProje", "TraversalCoreProje\TraversalCoreProje.csproj", "{7B911D14-3D34-4786-AFA3-035B8B11F0E3}"
EndProject
Project("{9A19103F-16F7-4668-BE54-9A1E7A4F7556}") = "EntityLayer", "EntityLayer\EntityLayer.csproj", "{929DB398-8A95-4A81-A13D-8BF1DC01F7DC}"
EndProject
Project("{9A19103F-16F7-4668-BE54-9A1E7A4F7556}") = "DataAccessLayer", "DataAccessLayer\DataAccessLayer.csproj", "{13A5E787-9EB4-4ABB-98B7-226E068447DA}"
EndProject
Project("{9A19103F-16F7-4668-BE54-9A1E7A4F7556}") = "BusinessLayer", "BusinessLayer\BusinessLayer.csproj", "{1C70CE3C-7E93-4F3A-ACB3-FE7973455244}"
EndProject
Project("{9A19103F-16F7-4668-BE54-9A1E7A4F7556}") = "DTOLayer", "DTOLayer\DTOLayer.csproj", "{D8D9F77B-1DBF-4DE0-BC68-AE051B3DA723}"
EndProject
Project("{9A19103F-16F7-4668-BE54-9A1E7A4F7556}") = "SignalIRConsume", "SignalIRConsume\SignalIRConsume.csproj", "{BE7B3156-38F6-453B-953B-A6DF859429AD}"
EndProject
Project("{FAE04EC0-301F-11D3-BF4B-00C04F79EFBC}") = "WebApplication1", "WebApplication1\WebApplication1.csproj", "{BF7E3176-84F2-42A4-8BA7-2FD38F9E6837}"
EndProject
Project("{FAE04EC0-301F-11D3-BF4B-00C04F79EFBC}") = "WebApplication2", "WebApplication2\WebApplication2.csproj", "{61508EF2-B95D-4965-9CBC-8ED3C249ABA2}"
EndProject
Global
	GlobalSection(SolutionConfigurationPlatforms) = preSolution
		Debug|Any CPU = Debug|Any CPU
		Release|Any CPU = Release|Any CPU
	EndGlobalSection
	GlobalSection(ProjectConfigurationPlatforms) = postSolution
		{7B911D14-3D34-4786-AFA3-035B8B11F0E3}.Debug|Any CPU.ActiveCfg = Debug|Any CPU
		{7B911D14-3D34-4786-AFA3-035B8B11F0E3}.Debug|Any CPU.Build.0 = Debug|Any CPU
		{7B911D14-3D34-4786-AFA3-035B8B11F0E3}.Release|Any CPU.ActiveCfg = Release|Any CPU
		{7B911D14-3D34-4786-AFA3-035B8B11F0E3}.Release|Any CPU.Build.0 = Release|Any CPU
		{929DB398-8A95-4A81-A13D-8BF1DC01F7DC}.Debug|Any CPU.ActiveCfg = Debug|Any CPU
		{929DB398-8A95-4A81-A13D-8BF1DC01F7DC}.Debug|Any CPU.Build.0 = Debug|Any CPU
		{929DB398-8A95-4A81-A13D-8BF1DC01F7DC}.Release|Any CPU.ActiveCfg = Release|Any CPU
		{929DB398-8A95-4A81-A13D-8BF1DC01F7DC}.Release|Any CPU.Build.0 = Release|Any CPU
		{13A5E787-9EB4-4ABB-98B7-226E068447DA}.Debug|Any CPU.ActiveCfg = Debug|Any CPU
		{13A5E787-9EB4-4ABB-98B7-226E068447DA}.Debug|Any CPU.Build.0 = Debug|Any CPU
		{13A5E787-9EB4-4ABB-98B7-226E068447DA}.Release|Any CPU.ActiveCfg = Release|Any CPU
		{13A5E787-9EB4-4ABB-98B7-226E068447DA}.Release|Any CPU.Build.0 = Release|Any CPU
		{1C70CE3C-7E93-4F3A-ACB3-FE7973455244}.Debug|Any CPU.ActiveCfg = Debug|Any CPU
		{1C70CE3C-7E93-4F3A-ACB3-FE7973455244}.Debug|Any CPU.Build.0 = Debug|Any CPU
		{1C70CE3C-7E93-4F3A-ACB3-FE7973455244}.Release|Any CPU.ActiveCfg = Release|Any CPU
		{1C70CE3C-7E93-4F3A-ACB3-FE7973455244}.Release|Any CPU.Build.0 = Release|Any CPU
		{D8D9F77B-1DBF-4DE0-BC68-AE051B3DA723}.Debug|Any CPU.ActiveCfg = Debug|Any CPU
		{D8D9F77B-1DBF-4DE0-BC68-AE051B3DA723}.Debug|Any CPU.Build.0 = Debug|Any CPU
		{D8D9F77B-1DBF-4DE0-BC68-AE051B3DA723}.Release|Any CPU.ActiveCfg = Release|Any CPU
		{D8D9F77B-1DBF-4DE0-BC68-AE051B3DA723}.Release|Any CPU.Build.0 = Release|Any CPU
		{BE7B3156-38F6-453B-953B-A6DF859429AD}.Debug|Any CPU.ActiveCfg = Debug|Any CPU
		{BE7B3156-38F6-453B-953B-A6DF859429AD}.Debug|Any CPU.Build.0 = Debug|Any CPU
		{BE7B3156-38F6-453B-953B-A6DF859429AD}.Release|Any CPU.ActiveCfg = Release|Any CPU
		{BE7B3156-38F6-453B-953B-A6DF859429AD}.Release|Any CPU.Build.0 = Release|Any CPU
		{BF7E3176-84F2-42A4-8BA7-2FD38F9E6837}.Debug|Any CPU.ActiveCfg = Debug|Any CPU
		{BF7E3176-84F2-42A4-8BA7-2FD38F9E6837}.Debug|Any CPU.Build.0 = Debug|Any CPU
		{BF7E3176-84F2-42A4-8BA7-2FD38F9E6837}.Release|Any CPU.ActiveCfg = Release|Any CPU
		{BF7E3176-84F2-42A4-8BA7-2FD38F9E6837}.Release|Any CPU.Build.0 = Release|Any CPU
		{61508EF2-B95D-4965-9CBC-8ED3C249ABA2}.Debug|Any CPU.ActiveCfg = Debug|Any CPU
		{61508EF2-B95D-4965-9CBC-8ED3C249ABA2}.Debug|Any CPU.Build.0 = Debug|Any CPU
		{61508EF2-B95D-4965-9CBC-8ED3C249ABA2}.Release|Any CPU.ActiveCfg = Release|Any CPU
		{61508EF2-B95D-4965-9CBC-8ED3C249ABA2}.Release|Any CPU.Build.0 = Release|Any CPU
	EndGlobalSection
	GlobalSection(SolutionProperties) = preSolution
		HideSolutionNode = FALSE
	EndGlobalSection
	GlobalSection(ExtensibilityGlobals) = postSolution
		SolutionGuid = {CB88A644-2B61-442F-98CC-2814D97BAD27}
	EndGlobalSection
EndGlobal
